# THIS IS AN AUTOGENERATED FILE. DO NOT EDIT THIS FILE DIRECTLY.
# yarn lockfile v1


highlight.run@^8.12.3:
  version "8.12.3"
  resolved "https://registry.yarnpkg.com/highlight.run/-/highlight.run-8.12.3.tgz#5bdcec9b3f6eff2ec35644d67863483f06bbf92c"
  integrity sha512-zqGxump2Bfehc2nyuWJ8wxoA7CCfsBJoYnGSUuB8nbzfvipM8o9bsBo6XJOmn8F0bVw67fWXRrst7hF4lqYE+A==
