# THIS IS AN AUTOGENERATED FILE. DO NOT EDIT THIS FILE DIRECTLY.
# yarn lockfile v1


highlight.run@^8.8.0:
  version "8.8.0"
  resolved "https://registry.yarnpkg.com/highlight.run/-/highlight.run-8.8.0.tgz#616426d0ddc36dd653e0db3cd9089368a2f9b608"
  integrity sha512-giGSKqS0thINMfNXhiQbRy5UcRDtUM51a/UoKWpsih39m0Y9XBzuPgkTLDJGVaPL7CWtZwOSaE1bIkflYaGUYA==
